<Solution>
  <Configurations>
    <Platform Name="Any CPU" />
    <Platform Name="Linux" />
  </Configurations>
  <Folder Name="/src/">
    <Project Path="src/Playground.Api/Playground.Api.csproj" />
    <Project Path="src/Playground.Events/Playground.Events.csproj" />
    <Project Path="src/Playground.Infrastructure/Playground.Infrastructure.csproj" />
    <Project Path="src/Playground.Worker/Playground.Worker.csproj" />
  </Folder>
  <Folder Name="/tests/">
    <Project Path="tests/Playground.Benchmarks/Playground.Benchmarks.csproj" />
    <Project Path="tests/Playground.Infrastructure.UnitTests/Playground.Infrastructure.UnitTests.csproj" />
  </Folder>
</Solution>
